
Microsoft Visual Studio Solution File, Format Version 12.00
# Visual Studio Version 17
VisualStudioVersion = 17.11.35219.272
MinimumVisualStudioVersion = 10.0.40219.1
Project("{9A19103F-16F7-4668-BE54-9A1E7A4F7556}") = "WhiteDot", "WhiteDot\WhiteDot.csproj", "{BE7FB9D4-DD02-498F-89F2-912C69FCE72C}"
EndProject
Project("{9A19103F-16F7-4668-BE54-9A1E7A4F7556}") = "DotTex", "DotTex\DotTex.csproj", "{5B5FB8EE-856A-47D1-955C-E932F8F7E775}"
EndProject
Project("{9A19103F-16F7-4668-BE54-9A1E7A4F7556}") = "DotTest", "DotTest\DotTest.csproj", "{635F6AFD-2A69-436A-A9B8-544C00D91206}"
EndProject
Project("{9A19103F-16F7-4668-BE54-9A1E7A4F7556}") = "DotTex2", "DotTex2\DotTex2.csproj", "{CC6E8EEE-D05F-4AF5-9932-0794B02EB70E}"
EndProject
Project("{9A19103F-16F7-4668-BE54-9A1E7A4F7556}") = "DotTex2.Test", "DotTex2.Test\DotTex2.Test.csproj", "{27535EE1-8039-48A3-B2F6-571600A32463}"
EndProject
Project("{FAE04EC0-301F-11D3-BF4B-00C04F79EFBC}") = "DotPdf", "DotPdf\DotPdf.csproj", "{249ABDD0-D9B1-410E-83E4-E7FC2930EF5B}"
EndProject
Global
	GlobalSection(SolutionConfigurationPlatforms) = preSolution
		Debug|Any CPU = Debug|Any CPU
		Release|Any CPU = Release|Any CPU
	EndGlobalSection
	GlobalSection(ProjectConfigurationPlatforms) = postSolution
		{BE7FB9D4-DD02-498F-89F2-912C69FCE72C}.Debug|Any CPU.ActiveCfg = Debug|Any CPU
		{BE7FB9D4-DD02-498F-89F2-912C69FCE72C}.Debug|Any CPU.Build.0 = Debug|Any CPU
		{BE7FB9D4-DD02-498F-89F2-912C69FCE72C}.Release|Any CPU.ActiveCfg = Release|Any CPU
		{BE7FB9D4-DD02-498F-89F2-912C69FCE72C}.Release|Any CPU.Build.0 = Release|Any CPU
		{5B5FB8EE-856A-47D1-955C-E932F8F7E775}.Debug|Any CPU.ActiveCfg = Debug|Any CPU
		{5B5FB8EE-856A-47D1-955C-E932F8F7E775}.Debug|Any CPU.Build.0 = Debug|Any CPU
		{5B5FB8EE-856A-47D1-955C-E932F8F7E775}.Release|Any CPU.ActiveCfg = Release|Any CPU
		{5B5FB8EE-856A-47D1-955C-E932F8F7E775}.Release|Any CPU.Build.0 = Release|Any CPU
		{635F6AFD-2A69-436A-A9B8-544C00D91206}.Debug|Any CPU.ActiveCfg = Debug|Any CPU
		{635F6AFD-2A69-436A-A9B8-544C00D91206}.Debug|Any CPU.Build.0 = Debug|Any CPU
		{635F6AFD-2A69-436A-A9B8-544C00D91206}.Release|Any CPU.ActiveCfg = Release|Any CPU
		{635F6AFD-2A69-436A-A9B8-544C00D91206}.Release|Any CPU.Build.0 = Release|Any CPU
		{CC6E8EEE-D05F-4AF5-9932-0794B02EB70E}.Debug|Any CPU.ActiveCfg = Debug|Any CPU
		{CC6E8EEE-D05F-4AF5-9932-0794B02EB70E}.Debug|Any CPU.Build.0 = Debug|Any CPU
		{CC6E8EEE-D05F-4AF5-9932-0794B02EB70E}.Release|Any CPU.ActiveCfg = Release|Any CPU
		{CC6E8EEE-D05F-4AF5-9932-0794B02EB70E}.Release|Any CPU.Build.0 = Release|Any CPU
		{27535EE1-8039-48A3-B2F6-571600A32463}.Debug|Any CPU.ActiveCfg = Debug|Any CPU
		{27535EE1-8039-48A3-B2F6-571600A32463}.Debug|Any CPU.Build.0 = Debug|Any CPU
		{27535EE1-8039-48A3-B2F6-571600A32463}.Release|Any CPU.ActiveCfg = Release|Any CPU
		{27535EE1-8039-48A3-B2F6-571600A32463}.Release|Any CPU.Build.0 = Release|Any CPU
		{249ABDD0-D9B1-410E-83E4-E7FC2930EF5B}.Debug|Any CPU.ActiveCfg = Debug|Any CPU
		{249ABDD0-D9B1-410E-83E4-E7FC2930EF5B}.Debug|Any CPU.Build.0 = Debug|Any CPU
		{249ABDD0-D9B1-410E-83E4-E7FC2930EF5B}.Release|Any CPU.ActiveCfg = Release|Any CPU
		{249ABDD0-D9B1-410E-83E4-E7FC2930EF5B}.Release|Any CPU.Build.0 = Release|Any CPU
	EndGlobalSection
	GlobalSection(SolutionProperties) = preSolution
		HideSolutionNode = FALSE
	EndGlobalSection
	GlobalSection(ExtensibilityGlobals) = postSolution
		SolutionGuid = {76E1D7E0-64D8-480F-9974-36E56B466473}
	EndGlobalSection
EndGlobal
