
Microsoft Visual Studio Solution File, Format Version 12.00
# Visual Studio Version 17
VisualStudioVersion = 17.11.35219.272
MinimumVisualStudioVersion = 10.0.40219.1
Project("{9A19103F-16F7-4668-BE54-9A1E7A4F7556}") = "WhiteDot", "WhiteDot\WhiteDot.csproj", "{BE7FB9D4-DD02-498F-89F2-912C69FCE72C}"
EndProject
Project("{FAE04EC0-301F-11D3-BF4B-00C04F79EFBC}") = "DotTex", "DotTex\DotTex.csproj", "{5B5FB8EE-856A-47D1-955C-E932F8F7E775}"
EndProject
Global
	GlobalSection(SolutionConfigurationPlatforms) = preSolution
		Debug|Any CPU = Debug|Any CPU
		Release|Any CPU = Release|Any CPU
	EndGlobalSection
	GlobalSection(ProjectConfigurationPlatforms) = postSolution
		{BE7FB9D4-DD02-498F-89F2-912C69FCE72C}.Debug|Any CPU.ActiveCfg = Debug|Any CPU
		{BE7FB9D4-DD02-498F-89F2-912C69FCE72C}.Debug|Any CPU.Build.0 = Debug|Any CPU
		{BE7FB9D4-DD02-498F-89F2-912C69FCE72C}.Release|Any CPU.ActiveCfg = Release|Any CPU
		{BE7FB9D4-DD02-498F-89F2-912C69FCE72C}.Release|Any CPU.Build.0 = Release|Any CPU
		{5B5FB8EE-856A-47D1-955C-E932F8F7E775}.Debug|Any CPU.ActiveCfg = Debug|Any CPU
		{5B5FB8EE-856A-47D1-955C-E932F8F7E775}.Debug|Any CPU.Build.0 = Debug|Any CPU
		{5B5FB8EE-856A-47D1-955C-E932F8F7E775}.Release|Any CPU.ActiveCfg = Release|Any CPU
		{5B5FB8EE-856A-47D1-955C-E932F8F7E775}.Release|Any CPU.Build.0 = Release|Any CPU
	EndGlobalSection
	GlobalSection(SolutionProperties) = preSolution
		HideSolutionNode = FALSE
	EndGlobalSection
	GlobalSection(ExtensibilityGlobals) = postSolution
		SolutionGuid = {76E1D7E0-64D8-480F-9974-36E56B466473}
	EndGlobalSection
EndGlobal
